// !$*UTF8*$!
{
	archiveVersion = 1;
	classes = {
	};
	objectVersion = 50;
	objects = {

/* Begin PBXBuildFile section */
		A406CE3A24D3F57100ECD2A1 /* User.storyboard in Resources */ = {isa = PBXBuildFile; fileRef = A406CE3924D3F57100ECD2A1 /* User.storyboard */; };
		A406CE3E24D3F5C300ECD2A1 /* LogInViewController.swift in Sources */ = {isa = PBXBuildFile; fileRef = A406CE3D24D3F5C300ECD2A1 /* LogInViewController.swift */; };
		A420434824CD7EA0008A5278 /* FindPlantViewController.swift in Sources */ = {isa = PBXBuildFile; fileRef = A420434724CD7EA0008A5278 /* FindPlantViewController.swift */; };
		A42AD62E24CC9A6400B07566 /* SecondIntroViewController.swift in Sources */ = {isa = PBXBuildFile; fileRef = A42AD62D24CC9A6400B07566 /* SecondIntroViewController.swift */; };
		A438D26F24D4007900F25C90 /* JoinViewController.swift in Sources */ = {isa = PBXBuildFile; fileRef = A438D26E24D4007900F25C90 /* JoinViewController.swift */; };
		A440C3F624DFBE2C0095F165 /* EditProfileViewController.swift in Sources */ = {isa = PBXBuildFile; fileRef = A440C3F524DFBE2C0095F165 /* EditProfileViewController.swift */; };
		A44339DD24D840E200660F61 /* UserUtil.swift in Sources */ = {isa = PBXBuildFile; fileRef = A44339DC24D840E200660F61 /* UserUtil.swift */; };
		A44FD2E924C42F5100037F7A /* AppDelegate.swift in Sources */ = {isa = PBXBuildFile; fileRef = A44FD2E824C42F5100037F7A /* AppDelegate.swift */; };
		A44FD2EB24C42F5100037F7A /* SceneDelegate.swift in Sources */ = {isa = PBXBuildFile; fileRef = A44FD2EA24C42F5100037F7A /* SceneDelegate.swift */; };
		A44FD2F024C42F5100037F7A /* Main.storyboard in Resources */ = {isa = PBXBuildFile; fileRef = A44FD2EE24C42F5100037F7A /* Main.storyboard */; };
		A44FD2F224C42F5200037F7A /* Assets.xcassets in Resources */ = {isa = PBXBuildFile; fileRef = A44FD2F124C42F5200037F7A /* Assets.xcassets */; };
		A44FD2F524C42F5200037F7A /* LaunchScreen.storyboard in Resources */ = {isa = PBXBuildFile; fileRef = A44FD2F324C42F5200037F7A /* LaunchScreen.storyboard */; };
		A46771AD24DE848700D6C6F8 /* LeaveServiceViewController.swift in Sources */ = {isa = PBXBuildFile; fileRef = A46771AC24DE848700D6C6F8 /* LeaveServiceViewController.swift */; };
		A46771AF24DE84B600D6C6F8 /* UserDetailViewController.swift in Sources */ = {isa = PBXBuildFile; fileRef = A46771AE24DE84B600D6C6F8 /* UserDetailViewController.swift */; };
		A46B3ED524CFEEED000C652F /* OtherPlantsViewController.swift in Sources */ = {isa = PBXBuildFile; fileRef = A46B3ED424CFEEED000C652F /* OtherPlantsViewController.swift */; };
		A46E3AC224CD9E26005037C6 /* PlantFoundViewController.swift in Sources */ = {isa = PBXBuildFile; fileRef = A46E3AC124CD9E26005037C6 /* PlantFoundViewController.swift */; };
		A46E3AC424CDA29E005037C6 /* ConfirmPlantViewController.swift in Sources */ = {isa = PBXBuildFile; fileRef = A46E3AC324CDA29E005037C6 /* ConfirmPlantViewController.swift */; };
		A46E3AC624CDA801005037C6 /* NamePlantViewController.swift in Sources */ = {isa = PBXBuildFile; fileRef = A46E3AC524CDA801005037C6 /* NamePlantViewController.swift */; };
		A470F04A24D42E8200B1EC07 /* TempUsers.swift in Sources */ = {isa = PBXBuildFile; fileRef = A470F04924D42E8200B1EC07 /* TempUsers.swift */; };
		A47F318A24CE72F200B36072 /* CheckPlantViewController.swift in Sources */ = {isa = PBXBuildFile; fileRef = A47F318924CE72F200B36072 /* CheckPlantViewController.swift */; };
		A492684524CD48E800AE038D /* ThirdIntroViewController.swift in Sources */ = {isa = PBXBuildFile; fileRef = A492684424CD48E800AE038D /* ThirdIntroViewController.swift */; };
		A492684724CD4D9300AE038D /* FirstIntroViewController.swift in Sources */ = {isa = PBXBuildFile; fileRef = A492684624CD4D9300AE038D /* FirstIntroViewController.swift */; };
		A492684924CD508400AE038D /* TakePictureViewController.swift in Sources */ = {isa = PBXBuildFile; fileRef = A492684824CD508400AE038D /* TakePictureViewController.swift */; };
		A4B31B9324CCA2D100E58386 /* Buttons.swift in Sources */ = {isa = PBXBuildFile; fileRef = A4B31B9224CCA2D100E58386 /* Buttons.swift */; };
		B444A3E524DFE4E4003D5590 /* AddPlant.storyboard in Resources */ = {isa = PBXBuildFile; fileRef = B444A3E424DFE4E4003D5590 /* AddPlant.storyboard */; };
		B444A3E724DFE62B003D5590 /* MainAddPlantViewController.swift in Sources */ = {isa = PBXBuildFile; fileRef = B444A3E624DFE62B003D5590 /* MainAddPlantViewController.swift */; };
		B444A3E924DFE645003D5590 /* RegisterPhotoViewController.swift in Sources */ = {isa = PBXBuildFile; fileRef = B444A3E824DFE645003D5590 /* RegisterPhotoViewController.swift */; };
		B444A3EB24DFE650003D5590 /* SelectPlantViewController.swift in Sources */ = {isa = PBXBuildFile; fileRef = B444A3EA24DFE650003D5590 /* SelectPlantViewController.swift */; };
		B4ACB79E24CED89300BFE2E3 /* Constants.swift in Sources */ = {isa = PBXBuildFile; fileRef = B4ACB79D24CED89300BFE2E3 /* Constants.swift */; };
/* End PBXBuildFile section */

/* Begin PBXFileReference section */
		A406CE3924D3F57100ECD2A1 /* User.storyboard */ = {isa = PBXFileReference; fileEncoding = 4; lastKnownFileType = file.storyboard; path = User.storyboard; sourceTree = "<group>"; };
		A406CE3D24D3F5C300ECD2A1 /* LogInViewController.swift */ = {isa = PBXFileReference; lastKnownFileType = sourcecode.swift; path = LogInViewController.swift; sourceTree = "<group>"; };
		A420434724CD7EA0008A5278 /* FindPlantViewController.swift */ = {isa = PBXFileReference; lastKnownFileType = sourcecode.swift; path = FindPlantViewController.swift; sourceTree = "<group>"; };
		A42AD62D24CC9A6400B07566 /* SecondIntroViewController.swift */ = {isa = PBXFileReference; lastKnownFileType = sourcecode.swift; path = SecondIntroViewController.swift; sourceTree = "<group>"; };
		A438D26E24D4007900F25C90 /* JoinViewController.swift */ = {isa = PBXFileReference; lastKnownFileType = sourcecode.swift; path = JoinViewController.swift; sourceTree = "<group>"; };
		A440C3F524DFBE2C0095F165 /* EditProfileViewController.swift */ = {isa = PBXFileReference; lastKnownFileType = sourcecode.swift; path = EditProfileViewController.swift; sourceTree = "<group>"; };
		A44339DC24D840E200660F61 /* UserUtil.swift */ = {isa = PBXFileReference; lastKnownFileType = sourcecode.swift; path = UserUtil.swift; sourceTree = "<group>"; };
		A44FD2E524C42F5100037F7A /* Planto.app */ = {isa = PBXFileReference; explicitFileType = wrapper.application; includeInIndex = 0; path = Planto.app; sourceTree = BUILT_PRODUCTS_DIR; };
		A44FD2E824C42F5100037F7A /* AppDelegate.swift */ = {isa = PBXFileReference; lastKnownFileType = sourcecode.swift; path = AppDelegate.swift; sourceTree = "<group>"; };
		A44FD2EA24C42F5100037F7A /* SceneDelegate.swift */ = {isa = PBXFileReference; lastKnownFileType = sourcecode.swift; path = SceneDelegate.swift; sourceTree = "<group>"; };
		A44FD2EF24C42F5100037F7A /* Base */ = {isa = PBXFileReference; lastKnownFileType = file.storyboard; name = Base; path = Base.lproj/Main.storyboard; sourceTree = "<group>"; };
		A44FD2F124C42F5200037F7A /* Assets.xcassets */ = {isa = PBXFileReference; lastKnownFileType = folder.assetcatalog; path = Assets.xcassets; sourceTree = "<group>"; };
		A44FD2F424C42F5200037F7A /* Base */ = {isa = PBXFileReference; lastKnownFileType = file.storyboard; name = Base; path = Base.lproj/LaunchScreen.storyboard; sourceTree = "<group>"; };
		A44FD2F624C42F5200037F7A /* Info.plist */ = {isa = PBXFileReference; lastKnownFileType = text.plist.xml; path = Info.plist; sourceTree = "<group>"; };
		A46771AC24DE848700D6C6F8 /* LeaveServiceViewController.swift */ = {isa = PBXFileReference; lastKnownFileType = sourcecode.swift; path = LeaveServiceViewController.swift; sourceTree = "<group>"; };
		A46771AE24DE84B600D6C6F8 /* UserDetailViewController.swift */ = {isa = PBXFileReference; lastKnownFileType = sourcecode.swift; path = UserDetailViewController.swift; sourceTree = "<group>"; };
		A46B3ED424CFEEED000C652F /* OtherPlantsViewController.swift */ = {isa = PBXFileReference; lastKnownFileType = sourcecode.swift; path = OtherPlantsViewController.swift; sourceTree = "<group>"; };
		A46E3AC124CD9E26005037C6 /* PlantFoundViewController.swift */ = {isa = PBXFileReference; lastKnownFileType = sourcecode.swift; path = PlantFoundViewController.swift; sourceTree = "<group>"; };
		A46E3AC324CDA29E005037C6 /* ConfirmPlantViewController.swift */ = {isa = PBXFileReference; lastKnownFileType = sourcecode.swift; path = ConfirmPlantViewController.swift; sourceTree = "<group>"; };
		A46E3AC524CDA801005037C6 /* NamePlantViewController.swift */ = {isa = PBXFileReference; lastKnownFileType = sourcecode.swift; path = NamePlantViewController.swift; sourceTree = "<group>"; };
		A470F04924D42E8200B1EC07 /* TempUsers.swift */ = {isa = PBXFileReference; lastKnownFileType = sourcecode.swift; path = TempUsers.swift; sourceTree = "<group>"; };
		A47F318924CE72F200B36072 /* CheckPlantViewController.swift */ = {isa = PBXFileReference; lastKnownFileType = sourcecode.swift; path = CheckPlantViewController.swift; sourceTree = "<group>"; };
		A492684424CD48E800AE038D /* ThirdIntroViewController.swift */ = {isa = PBXFileReference; lastKnownFileType = sourcecode.swift; path = ThirdIntroViewController.swift; sourceTree = "<group>"; };
		A492684624CD4D9300AE038D /* FirstIntroViewController.swift */ = {isa = PBXFileReference; lastKnownFileType = sourcecode.swift; path = FirstIntroViewController.swift; sourceTree = "<group>"; };
		A492684824CD508400AE038D /* TakePictureViewController.swift */ = {isa = PBXFileReference; lastKnownFileType = sourcecode.swift; path = TakePictureViewController.swift; sourceTree = "<group>"; };
		A4B31B9224CCA2D100E58386 /* Buttons.swift */ = {isa = PBXFileReference; lastKnownFileType = sourcecode.swift; path = Buttons.swift; sourceTree = "<group>"; };
		B444A3E424DFE4E4003D5590 /* AddPlant.storyboard */ = {isa = PBXFileReference; lastKnownFileType = file.storyboard; path = AddPlant.storyboard; sourceTree = "<group>"; };
		B444A3E624DFE62B003D5590 /* MainAddPlantViewController.swift */ = {isa = PBXFileReference; lastKnownFileType = sourcecode.swift; path = MainAddPlantViewController.swift; sourceTree = "<group>"; };
		B444A3E824DFE645003D5590 /* RegisterPhotoViewController.swift */ = {isa = PBXFileReference; lastKnownFileType = sourcecode.swift; path = RegisterPhotoViewController.swift; sourceTree = "<group>"; };
		B444A3EA24DFE650003D5590 /* SelectPlantViewController.swift */ = {isa = PBXFileReference; lastKnownFileType = sourcecode.swift; path = SelectPlantViewController.swift; sourceTree = "<group>"; };
		B4ACB79D24CED89300BFE2E3 /* Constants.swift */ = {isa = PBXFileReference; lastKnownFileType = sourcecode.swift; path = Constants.swift; sourceTree = "<group>"; };
/* End PBXFileReference section */

/* Begin PBXFrameworksBuildPhase section */
		A44FD2E224C42F5100037F7A /* Frameworks */ = {
			isa = PBXFrameworksBuildPhase;
			buildActionMask = 2147483647;
			files = (
			);
			runOnlyForDeploymentPostprocessing = 0;
		};
/* End PBXFrameworksBuildPhase section */

/* Begin PBXGroup section */
		A406CE3824D3F53000ECD2A1 /* User */ = {
			isa = PBXGroup;
			children = (
				A406CE3924D3F57100ECD2A1 /* User.storyboard */,
				A44339DC24D840E200660F61 /* UserUtil.swift */,
				A406CE3D24D3F5C300ECD2A1 /* LogInViewController.swift */,
				A438D26E24D4007900F25C90 /* JoinViewController.swift */,
				A46771AE24DE84B600D6C6F8 /* UserDetailViewController.swift */,
				A46771AC24DE848700D6C6F8 /* LeaveServiceViewController.swift */,
				A440C3F524DFBE2C0095F165 /* EditProfileViewController.swift */,
				A470F04924D42E8200B1EC07 /* TempUsers.swift */,
			);
			path = User;
			sourceTree = "<group>";
		};
		A42AD62C24CC988900B07566 /* Intro */ = {
			isa = PBXGroup;
			children = (
				A44FD2EE24C42F5100037F7A /* Main.storyboard */,
				A492684624CD4D9300AE038D /* FirstIntroViewController.swift */,
				A42AD62D24CC9A6400B07566 /* SecondIntroViewController.swift */,
				A492684424CD48E800AE038D /* ThirdIntroViewController.swift */,
				A492684824CD508400AE038D /* TakePictureViewController.swift */,
				A420434724CD7EA0008A5278 /* FindPlantViewController.swift */,
				A46E3AC124CD9E26005037C6 /* PlantFoundViewController.swift */,
				A47F318924CE72F200B36072 /* CheckPlantViewController.swift */,
				A46B3ED424CFEEED000C652F /* OtherPlantsViewController.swift */,
				A46E3AC324CDA29E005037C6 /* ConfirmPlantViewController.swift */,
				A46E3AC524CDA801005037C6 /* NamePlantViewController.swift */,
			);
			path = Intro;
			sourceTree = "<group>";
		};
		A44FD2DC24C42F5100037F7A = {
			isa = PBXGroup;
			children = (
				A44FD2E724C42F5100037F7A /* Planto */,
				A44FD2E624C42F5100037F7A /* Products */,
			);
			sourceTree = "<group>";
		};
		A44FD2E624C42F5100037F7A /* Products */ = {
			isa = PBXGroup;
			children = (
				A44FD2E524C42F5100037F7A /* Planto.app */,
			);
			name = Products;
			sourceTree = "<group>";
		};
		A44FD2E724C42F5100037F7A /* Planto */ = {
			isa = PBXGroup;
			children = (
				B444A3E324DFE4CC003D5590 /* AddPlant */,
				B4ACB79C24CED88300BFE2E3 /* Helper */,
				A42AD62C24CC988900B07566 /* Intro */,
				A406CE3824D3F53000ECD2A1 /* User */,
				A492684A24CD526200AE038D /* Resources */,
				A44FD2E824C42F5100037F7A /* AppDelegate.swift */,
				A44FD2EA24C42F5100037F7A /* SceneDelegate.swift */,
				A44FD2F124C42F5200037F7A /* Assets.xcassets */,
				A44FD2F324C42F5200037F7A /* LaunchScreen.storyboard */,
				A44FD2F624C42F5200037F7A /* Info.plist */,
			);
			path = Planto;
			sourceTree = "<group>";
		};
		A492684A24CD526200AE038D /* Resources */ = {
			isa = PBXGroup;
			children = (
				A4B31B9224CCA2D100E58386 /* Buttons.swift */,
			);
			path = Resources;
			sourceTree = "<group>";
		};
		B444A3E324DFE4CC003D5590 /* AddPlant */ = {
			isa = PBXGroup;
			children = (
				B444A3E424DFE4E4003D5590 /* AddPlant.storyboard */,
				B444A3E624DFE62B003D5590 /* MainAddPlantViewController.swift */,
				B444A3EA24DFE650003D5590 /* SelectPlantViewController.swift */,
				B444A3E824DFE645003D5590 /* RegisterPhotoViewController.swift */,
			);
			path = AddPlant;
			sourceTree = "<group>";
		};
		B4ACB79C24CED88300BFE2E3 /* Helper */ = {
			isa = PBXGroup;
			children = (
				B4ACB79D24CED89300BFE2E3 /* Constants.swift */,
			);
			path = Helper;
			sourceTree = "<group>";
		};
/* End PBXGroup section */

/* Begin PBXNativeTarget section */
		A44FD2E424C42F5100037F7A /* Planto */ = {
			isa = PBXNativeTarget;
			buildConfigurationList = A44FD2F924C42F5200037F7A /* Build configuration list for PBXNativeTarget "Planto" */;
			buildPhases = (
				A44FD2E124C42F5100037F7A /* Sources */,
				A44FD2E224C42F5100037F7A /* Frameworks */,
				A44FD2E324C42F5100037F7A /* Resources */,
			);
			buildRules = (
			);
			dependencies = (
			);
			name = Planto;
			productName = Plento;
			productReference = A44FD2E524C42F5100037F7A /* Planto.app */;
			productType = "com.apple.product-type.application";
		};
/* End PBXNativeTarget section */

/* Begin PBXProject section */
		A44FD2DD24C42F5100037F7A /* Project object */ = {
			isa = PBXProject;
			attributes = {
				LastSwiftUpdateCheck = 1160;
				LastUpgradeCheck = 1160;
				ORGANIZATIONNAME = "D&D";
				TargetAttributes = {
					A44FD2E424C42F5100037F7A = {
						CreatedOnToolsVersion = 11.6;
					};
				};
			};
			buildConfigurationList = A44FD2E024C42F5100037F7A /* Build configuration list for PBXProject "Planto" */;
			compatibilityVersion = "Xcode 9.3";
			developmentRegion = en;
			hasScannedForEncodings = 0;
			knownRegions = (
				en,
				Base,
			);
			mainGroup = A44FD2DC24C42F5100037F7A;
			productRefGroup = A44FD2E624C42F5100037F7A /* Products */;
			projectDirPath = "";
			projectRoot = "";
			targets = (
				A44FD2E424C42F5100037F7A /* Planto */,
			);
		};
/* End PBXProject section */

/* Begin PBXResourcesBuildPhase section */
		A44FD2E324C42F5100037F7A /* Resources */ = {
			isa = PBXResourcesBuildPhase;
			buildActionMask = 2147483647;
			files = (
				B444A3E524DFE4E4003D5590 /* AddPlant.storyboard in Resources */,
				A44FD2F524C42F5200037F7A /* LaunchScreen.storyboard in Resources */,
				A44FD2F224C42F5200037F7A /* Assets.xcassets in Resources */,
				A406CE3A24D3F57100ECD2A1 /* User.storyboard in Resources */,
				A44FD2F024C42F5100037F7A /* Main.storyboard in Resources */,
			);
			runOnlyForDeploymentPostprocessing = 0;
		};
/* End PBXResourcesBuildPhase section */

/* Begin PBXSourcesBuildPhase section */
		A44FD2E124C42F5100037F7A /* Sources */ = {
			isa = PBXSourcesBuildPhase;
			buildActionMask = 2147483647;
			files = (
				A4B31B9324CCA2D100E58386 /* Buttons.swift in Sources */,
				A46771AD24DE848700D6C6F8 /* LeaveServiceViewController.swift in Sources */,
				A47F318A24CE72F200B36072 /* CheckPlantViewController.swift in Sources */,
				A46E3AC224CD9E26005037C6 /* PlantFoundViewController.swift in Sources */,
				A492684524CD48E800AE038D /* ThirdIntroViewController.swift in Sources */,
				A42AD62E24CC9A6400B07566 /* SecondIntroViewController.swift in Sources */,
				B444A3EB24DFE650003D5590 /* SelectPlantViewController.swift in Sources */,

				A46771AF24DE84B600D6C6F8 /* UserDetailViewController.swift in Sources */,
				A44FD2E924C42F5100037F7A /* AppDelegate.swift in Sources */,
				A44339DD24D840E200660F61 /* UserUtil.swift in Sources */,
				A492684724CD4D9300AE038D /* FirstIntroViewController.swift in Sources */,
				B4ACB79E24CED89300BFE2E3 /* Constants.swift in Sources */,
				B444A3E924DFE645003D5590 /* RegisterPhotoViewController.swift in Sources */,
				A46E3AC624CDA801005037C6 /* NamePlantViewController.swift in Sources */,
				A44FD2EB24C42F5100037F7A /* SceneDelegate.swift in Sources */,
				A46E3AC424CDA29E005037C6 /* ConfirmPlantViewController.swift in Sources */,
				A492684924CD508400AE038D /* TakePictureViewController.swift in Sources */,
				A420434824CD7EA0008A5278 /* FindPlantViewController.swift in Sources */,
				A406CE3E24D3F5C300ECD2A1 /* LogInViewController.swift in Sources */,
				A470F04A24D42E8200B1EC07 /* TempUsers.swift in Sources */,
				A438D26F24D4007900F25C90 /* JoinViewController.swift in Sources */,
				B444A3E724DFE62B003D5590 /* MainAddPlantViewController.swift in Sources */,
				A46B3ED524CFEEED000C652F /* OtherPlantsViewController.swift in Sources */,
			);
			runOnlyForDeploymentPostprocessing = 0;
		};
/* End PBXSourcesBuildPhase section */

/* Begin PBXVariantGroup section */
		A44FD2EE24C42F5100037F7A /* Main.storyboard */ = {
			isa = PBXVariantGroup;
			children = (
				A44FD2EF24C42F5100037F7A /* Base */,
			);
			name = Main.storyboard;
			sourceTree = "<group>";
		};
		A44FD2F324C42F5200037F7A /* LaunchScreen.storyboard */ = {
			isa = PBXVariantGroup;
			children = (
				A44FD2F424C42F5200037F7A /* Base */,
			);
			name = LaunchScreen.storyboard;
			sourceTree = "<group>";
		};
/* End PBXVariantGroup section */

/* Begin XCBuildConfiguration section */
		A44FD2F724C42F5200037F7A /* Debug */ = {
			isa = XCBuildConfiguration;
			buildSettings = {
				ALWAYS_SEARCH_USER_PATHS = NO;
				CLANG_ANALYZER_NONNULL = YES;
				CLANG_ANALYZER_NUMBER_OBJECT_CONVERSION = YES_AGGRESSIVE;
				CLANG_CXX_LANGUAGE_STANDARD = "gnu++14";
				CLANG_CXX_LIBRARY = "libc++";
				CLANG_ENABLE_MODULES = YES;
				CLANG_ENABLE_OBJC_ARC = YES;
				CLANG_ENABLE_OBJC_WEAK = YES;
				CLANG_WARN_BLOCK_CAPTURE_AUTORELEASING = YES;
				CLANG_WARN_BOOL_CONVERSION = YES;
				CLANG_WARN_COMMA = YES;
				CLANG_WARN_CONSTANT_CONVERSION = YES;
				CLANG_WARN_DEPRECATED_OBJC_IMPLEMENTATIONS = YES;
				CLANG_WARN_DIRECT_OBJC_ISA_USAGE = YES_ERROR;
				CLANG_WARN_DOCUMENTATION_COMMENTS = YES;
				CLANG_WARN_EMPTY_BODY = YES;
				CLANG_WARN_ENUM_CONVERSION = YES;
				CLANG_WARN_INFINITE_RECURSION = YES;
				CLANG_WARN_INT_CONVERSION = YES;
				CLANG_WARN_NON_LITERAL_NULL_CONVERSION = YES;
				CLANG_WARN_OBJC_IMPLICIT_RETAIN_SELF = YES;
				CLANG_WARN_OBJC_LITERAL_CONVERSION = YES;
				CLANG_WARN_OBJC_ROOT_CLASS = YES_ERROR;
				CLANG_WARN_RANGE_LOOP_ANALYSIS = YES;
				CLANG_WARN_STRICT_PROTOTYPES = YES;
				CLANG_WARN_SUSPICIOUS_MOVE = YES;
				CLANG_WARN_UNGUARDED_AVAILABILITY = YES_AGGRESSIVE;
				CLANG_WARN_UNREACHABLE_CODE = YES;
				CLANG_WARN__DUPLICATE_METHOD_MATCH = YES;
				COPY_PHASE_STRIP = NO;
				DEBUG_INFORMATION_FORMAT = dwarf;
				ENABLE_STRICT_OBJC_MSGSEND = YES;
				ENABLE_TESTABILITY = YES;
				GCC_C_LANGUAGE_STANDARD = gnu11;
				GCC_DYNAMIC_NO_PIC = NO;
				GCC_NO_COMMON_BLOCKS = YES;
				GCC_OPTIMIZATION_LEVEL = 0;
				GCC_PREPROCESSOR_DEFINITIONS = (
					"DEBUG=1",
					"$(inherited)",
				);
				GCC_WARN_64_TO_32_BIT_CONVERSION = YES;
				GCC_WARN_ABOUT_RETURN_TYPE = YES_ERROR;
				GCC_WARN_UNDECLARED_SELECTOR = YES;
				GCC_WARN_UNINITIALIZED_AUTOS = YES_AGGRESSIVE;
				GCC_WARN_UNUSED_FUNCTION = YES;
				GCC_WARN_UNUSED_VARIABLE = YES;
				IPHONEOS_DEPLOYMENT_TARGET = 13.6;
				MTL_ENABLE_DEBUG_INFO = INCLUDE_SOURCE;
				MTL_FAST_MATH = YES;
				ONLY_ACTIVE_ARCH = YES;
				SDKROOT = iphoneos;
				SWIFT_ACTIVE_COMPILATION_CONDITIONS = DEBUG;
				SWIFT_OPTIMIZATION_LEVEL = "-Onone";
			};
			name = Debug;
		};
		A44FD2F824C42F5200037F7A /* Release */ = {
			isa = XCBuildConfiguration;
			buildSettings = {
				ALWAYS_SEARCH_USER_PATHS = NO;
				CLANG_ANALYZER_NONNULL = YES;
				CLANG_ANALYZER_NUMBER_OBJECT_CONVERSION = YES_AGGRESSIVE;
				CLANG_CXX_LANGUAGE_STANDARD = "gnu++14";
				CLANG_CXX_LIBRARY = "libc++";
				CLANG_ENABLE_MODULES = YES;
				CLANG_ENABLE_OBJC_ARC = YES;
				CLANG_ENABLE_OBJC_WEAK = YES;
				CLANG_WARN_BLOCK_CAPTURE_AUTORELEASING = YES;
				CLANG_WARN_BOOL_CONVERSION = YES;
				CLANG_WARN_COMMA = YES;
				CLANG_WARN_CONSTANT_CONVERSION = YES;
				CLANG_WARN_DEPRECATED_OBJC_IMPLEMENTATIONS = YES;
				CLANG_WARN_DIRECT_OBJC_ISA_USAGE = YES_ERROR;
				CLANG_WARN_DOCUMENTATION_COMMENTS = YES;
				CLANG_WARN_EMPTY_BODY = YES;
				CLANG_WARN_ENUM_CONVERSION = YES;
				CLANG_WARN_INFINITE_RECURSION = YES;
				CLANG_WARN_INT_CONVERSION = YES;
				CLANG_WARN_NON_LITERAL_NULL_CONVERSION = YES;
				CLANG_WARN_OBJC_IMPLICIT_RETAIN_SELF = YES;
				CLANG_WARN_OBJC_LITERAL_CONVERSION = YES;
				CLANG_WARN_OBJC_ROOT_CLASS = YES_ERROR;
				CLANG_WARN_RANGE_LOOP_ANALYSIS = YES;
				CLANG_WARN_STRICT_PROTOTYPES = YES;
				CLANG_WARN_SUSPICIOUS_MOVE = YES;
				CLANG_WARN_UNGUARDED_AVAILABILITY = YES_AGGRESSIVE;
				CLANG_WARN_UNREACHABLE_CODE = YES;
				CLANG_WARN__DUPLICATE_METHOD_MATCH = YES;
				COPY_PHASE_STRIP = NO;
				DEBUG_INFORMATION_FORMAT = "dwarf-with-dsym";
				ENABLE_NS_ASSERTIONS = NO;
				ENABLE_STRICT_OBJC_MSGSEND = YES;
				GCC_C_LANGUAGE_STANDARD = gnu11;
				GCC_NO_COMMON_BLOCKS = YES;
				GCC_WARN_64_TO_32_BIT_CONVERSION = YES;
				GCC_WARN_ABOUT_RETURN_TYPE = YES_ERROR;
				GCC_WARN_UNDECLARED_SELECTOR = YES;
				GCC_WARN_UNINITIALIZED_AUTOS = YES_AGGRESSIVE;
				GCC_WARN_UNUSED_FUNCTION = YES;
				GCC_WARN_UNUSED_VARIABLE = YES;
				IPHONEOS_DEPLOYMENT_TARGET = 13.6;
				MTL_ENABLE_DEBUG_INFO = NO;
				MTL_FAST_MATH = YES;
				SDKROOT = iphoneos;
				SWIFT_COMPILATION_MODE = wholemodule;
				SWIFT_OPTIMIZATION_LEVEL = "-O";
				VALIDATE_PRODUCT = YES;
			};
			name = Release;
		};
		A44FD2FA24C42F5200037F7A /* Debug */ = {
			isa = XCBuildConfiguration;
			buildSettings = {
				ASSETCATALOG_COMPILER_APPICON_NAME = AppIcon;
				CODE_SIGN_STYLE = Automatic;
				DEVELOPMENT_TEAM = TTCZNUY7AA;
				INFOPLIST_FILE = "$(SRCROOT)/Planto/Info.plist";
				IPHONEOS_DEPLOYMENT_TARGET = 13.4;
				LD_RUNPATH_SEARCH_PATHS = (
					"$(inherited)",
					"@executable_path/Frameworks",
				);
				PRODUCT_BUNDLE_IDENTIFIER = com.aaronlab;
				PRODUCT_NAME = Planto;
				SWIFT_VERSION = 5.0;
				TARGETED_DEVICE_FAMILY = "1,2";
			};
			name = Debug;
		};
		A44FD2FB24C42F5200037F7A /* Release */ = {
			isa = XCBuildConfiguration;
			buildSettings = {
				ASSETCATALOG_COMPILER_APPICON_NAME = AppIcon;
				CODE_SIGN_STYLE = Automatic;
				DEVELOPMENT_TEAM = TTCZNUY7AA;
				INFOPLIST_FILE = "$(SRCROOT)/Planto/Info.plist";
				IPHONEOS_DEPLOYMENT_TARGET = 13.4;
				LD_RUNPATH_SEARCH_PATHS = (
					"$(inherited)",
					"@executable_path/Frameworks",
				);
				PRODUCT_BUNDLE_IDENTIFIER = com.aaronlab;
				PRODUCT_NAME = Planto;
				SWIFT_VERSION = 5.0;
				TARGETED_DEVICE_FAMILY = "1,2";
			};
			name = Release;
		};
/* End XCBuildConfiguration section */

/* Begin XCConfigurationList section */
		A44FD2E024C42F5100037F7A /* Build configuration list for PBXProject "Planto" */ = {
			isa = XCConfigurationList;
			buildConfigurations = (
				A44FD2F724C42F5200037F7A /* Debug */,
				A44FD2F824C42F5200037F7A /* Release */,
			);
			defaultConfigurationIsVisible = 0;
			defaultConfigurationName = Release;
		};
		A44FD2F924C42F5200037F7A /* Build configuration list for PBXNativeTarget "Planto" */ = {
			isa = XCConfigurationList;
			buildConfigurations = (
				A44FD2FA24C42F5200037F7A /* Debug */,
				A44FD2FB24C42F5200037F7A /* Release */,
			);
			defaultConfigurationIsVisible = 0;
			defaultConfigurationName = Release;
		};
/* End XCConfigurationList section */
	};
	rootObject = A44FD2DD24C42F5100037F7A /* Project object */;
}
