// !$*UTF8*$!
{
	archiveVersion = 1;
	classes = {
	};
	objectVersion = 50;
	objects = {

/* Begin PBXBuildFile section */
		A44FD2E924C42F5100037F7A /* AppDelegate.swift in Sources */ = {isa = PBXBuildFile; fileRef = A44FD2E824C42F5100037F7A /* AppDelegate.swift */; };
		A44FD2EB24C42F5100037F7A /* SceneDelegate.swift in Sources */ = {isa = PBXBuildFile; fileRef = A44FD2EA24C42F5100037F7A /* SceneDelegate.swift */; };
		A44FD2ED24C42F5100037F7A /* ViewController.swift in Sources */ = {isa = PBXBuildFile; fileRef = A44FD2EC24C42F5100037F7A /* ViewController.swift */; };
		A44FD2F024C42F5100037F7A /* Main.storyboard in Resources */ = {isa = PBXBuildFile; fileRef = A44FD2EE24C42F5100037F7A /* Main.storyboard */; };
		A44FD2F224C42F5200037F7A /* Assets.xcassets in Resources */ = {isa = PBXBuildFile; fileRef = A44FD2F124C42F5200037F7A /* Assets.xcassets */; };
		A44FD2F524C42F5200037F7A /* LaunchScreen.storyboard in Resources */ = {isa = PBXBuildFile; fileRef = A44FD2F324C42F5200037F7A /* LaunchScreen.storyboard */; };
/* End PBXBuildFile section */

/* Begin PBXFileReference section */
		A44FD2E524C42F5100037F7A /* Plantö.app */ = {isa = PBXFileReference; explicitFileType = wrapper.application; includeInIndex = 0; path = "Plantö.app"; sourceTree = BUILT_PRODUCTS_DIR; };
		A44FD2E824C42F5100037F7A /* AppDelegate.swift */ = {isa = PBXFileReference; lastKnownFileType = sourcecode.swift; path = AppDelegate.swift; sourceTree = "<group>"; };
		A44FD2EA24C42F5100037F7A /* SceneDelegate.swift */ = {isa = PBXFileReference; lastKnownFileType = sourcecode.swift; path = SceneDelegate.swift; sourceTree = "<group>"; };
		A44FD2EC24C42F5100037F7A /* ViewController.swift */ = {isa = PBXFileReference; lastKnownFileType = sourcecode.swift; path = ViewController.swift; sourceTree = "<group>"; };
		A44FD2EF24C42F5100037F7A /* Base */ = {isa = PBXFileReference; lastKnownFileType = file.storyboard; name = Base; path = Base.lproj/Main.storyboard; sourceTree = "<group>"; };
		A44FD2F124C42F5200037F7A /* Assets.xcassets */ = {isa = PBXFileReference; lastKnownFileType = folder.assetcatalog; path = Assets.xcassets; sourceTree = "<group>"; };
		A44FD2F424C42F5200037F7A /* Base */ = {isa = PBXFileReference; lastKnownFileType = file.storyboard; name = Base; path = Base.lproj/LaunchScreen.storyboard; sourceTree = "<group>"; };
		A44FD2F624C42F5200037F7A /* Info.plist */ = {isa = PBXFileReference; lastKnownFileType = text.plist.xml; path = Info.plist; sourceTree = "<group>"; };
/* End PBXFileReference section */

/* Begin PBXFrameworksBuildPhase section */
		A44FD2E224C42F5100037F7A /* Frameworks */ = {
			isa = PBXFrameworksBuildPhase;
			buildActionMask = 2147483647;
			files = (
			);
			runOnlyForDeploymentPostprocessing = 0;
		};
/* End PBXFrameworksBuildPhase section */

/* Begin PBXGroup section */
		A44FD2DC24C42F5100037F7A = {
			isa = PBXGroup;
			children = (
				A44FD2E724C42F5100037F7A /* Planto */,
				A44FD2E624C42F5100037F7A /* Products */,
			);
			sourceTree = "<group>";
		};
		A44FD2E624C42F5100037F7A /* Products */ = {
			isa = PBXGroup;
			children = (
				A44FD2E524C42F5100037F7A /* Plantö.app */,
			);
			name = Products;
			sourceTree = "<group>";
		};
		A44FD2E724C42F5100037F7A /* Planto */ = {
			isa = PBXGroup;
			children = (
				A44FD2E824C42F5100037F7A /* AppDelegate.swift */,
				A44FD2EA24C42F5100037F7A /* SceneDelegate.swift */,
				A44FD2EC24C42F5100037F7A /* ViewController.swift */,
				A44FD2EE24C42F5100037F7A /* Main.storyboard */,
				A44FD2F124C42F5200037F7A /* Assets.xcassets */,
				A44FD2F324C42F5200037F7A /* LaunchScreen.storyboard */,
				A44FD2F624C42F5200037F7A /* Info.plist */,
			);
			path = Planto;
			sourceTree = "<group>";
		};
/* End PBXGroup section */

/* Begin PBXNativeTarget section */
		A44FD2E424C42F5100037F7A /* Planto */ = {
			isa = PBXNativeTarget;
			buildConfigurationList = A44FD2F924C42F5200037F7A /* Build configuration list for PBXNativeTarget "Planto" */;
			buildPhases = (
				A44FD2E124C42F5100037F7A /* Sources */,
				A44FD2E224C42F5100037F7A /* Frameworks */,
				A44FD2E324C42F5100037F7A /* Resources */,
			);
			buildRules = (
			);
			dependencies = (
			);
			name = Planto;
			productName = Plento;
			productReference = A44FD2E524C42F5100037F7A /* Plantö.app */;
			productType = "com.apple.product-type.application";
		};
/* End PBXNativeTarget section */

/* Begin PBXProject section */
		A44FD2DD24C42F5100037F7A /* Project object */ = {
			isa = PBXProject;
			attributes = {
				LastSwiftUpdateCheck = 1160;
				LastUpgradeCheck = 1160;
				ORGANIZATIONNAME = "D&D";
				TargetAttributes = {
					A44FD2E424C42F5100037F7A = {
						CreatedOnToolsVersion = 11.6;
					};
				};
			};
			buildConfigurationList = A44FD2E024C42F5100037F7A /* Build configuration list for PBXProject "Planto" */;
			compatibilityVersion = "Xcode 9.3";
			developmentRegion = en;
			hasScannedForEncodings = 0;
			knownRegions = (
				en,
				Base,
			);
			mainGroup = A44FD2DC24C42F5100037F7A;
			productRefGroup = A44FD2E624C42F5100037F7A /* Products */;
			projectDirPath = "";
			projectRoot = "";
			targets = (
				A44FD2E424C42F5100037F7A /* Planto */,
			);
		};
/* End PBXProject section */

/* Begin PBXResourcesBuildPhase section */
		A44FD2E324C42F5100037F7A /* Resources */ = {
			isa = PBXResourcesBuildPhase;
			buildActionMask = 2147483647;
			files = (
				A44FD2F524C42F5200037F7A /* LaunchScreen.storyboard in Resources */,
				A44FD2F224C42F5200037F7A /* Assets.xcassets in Resources */,
				A44FD2F024C42F5100037F7A /* Main.storyboard in Resources */,
			);
			runOnlyForDeploymentPostprocessing = 0;
		};
/* End PBXResourcesBuildPhase section */

/* Begin PBXSourcesBuildPhase section */
		A44FD2E124C42F5100037F7A /* Sources */ = {
			isa = PBXSourcesBuildPhase;
			buildActionMask = 2147483647;
			files = (
				A44FD2ED24C42F5100037F7A /* ViewController.swift in Sources */,
				A44FD2E924C42F5100037F7A /* AppDelegate.swift in Sources */,
				A44FD2EB24C42F5100037F7A /* SceneDelegate.swift in Sources */,
			);
			runOnlyForDeploymentPostprocessing = 0;
		};
/* End PBXSourcesBuildPhase section */

/* Begin PBXVariantGroup section */
		A44FD2EE24C42F5100037F7A /* Main.storyboard */ = {
			isa = PBXVariantGroup;
			children = (
				A44FD2EF24C42F5100037F7A /* Base */,
			);
			name = Main.storyboard;
			sourceTree = "<group>";
		};
		A44FD2F324C42F5200037F7A /* LaunchScreen.storyboard */ = {
			isa = PBXVariantGroup;
			children = (
				A44FD2F424C42F5200037F7A /* Base */,
			);
			name = LaunchScreen.storyboard;
			sourceTree = "<group>";
		};
/* End PBXVariantGroup section */

/* Begin XCBuildConfiguration section */
		A44FD2F724C42F5200037F7A /* Debug */ = {
			isa = XCBuildConfiguration;
			buildSettings = {
				ALWAYS_SEARCH_USER_PATHS = NO;
				CLANG_ANALYZER_NONNULL = YES;
				CLANG_ANALYZER_NUMBER_OBJECT_CONVERSION = YES_AGGRESSIVE;
				CLANG_CXX_LANGUAGE_STANDARD = "gnu++14";
				CLANG_CXX_LIBRARY = "libc++";
				CLANG_ENABLE_MODULES = YES;
				CLANG_ENABLE_OBJC_ARC = YES;
				CLANG_ENABLE_OBJC_WEAK = YES;
				CLANG_WARN_BLOCK_CAPTURE_AUTORELEASING = YES;
				CLANG_WARN_BOOL_CONVERSION = YES;
				CLANG_WARN_COMMA = YES;
				CLANG_WARN_CONSTANT_CONVERSION = YES;
				CLANG_WARN_DEPRECATED_OBJC_IMPLEMENTATIONS = YES;
				CLANG_WARN_DIRECT_OBJC_ISA_USAGE = YES_ERROR;
				CLANG_WARN_DOCUMENTATION_COMMENTS = YES;
				CLANG_WARN_EMPTY_BODY = YES;
				CLANG_WARN_ENUM_CONVERSION = YES;
				CLANG_WARN_INFINITE_RECURSION = YES;
				CLANG_WARN_INT_CONVERSION = YES;
				CLANG_WARN_NON_LITERAL_NULL_CONVERSION = YES;
				CLANG_WARN_OBJC_IMPLICIT_RETAIN_SELF = YES;
				CLANG_WARN_OBJC_LITERAL_CONVERSION = YES;
				CLANG_WARN_OBJC_ROOT_CLASS = YES_ERROR;
				CLANG_WARN_RANGE_LOOP_ANALYSIS = YES;
				CLANG_WARN_STRICT_PROTOTYPES = YES;
				CLANG_WARN_SUSPICIOUS_MOVE = YES;
				CLANG_WARN_UNGUARDED_AVAILABILITY = YES_AGGRESSIVE;
				CLANG_WARN_UNREACHABLE_CODE = YES;
				CLANG_WARN__DUPLICATE_METHOD_MATCH = YES;
				COPY_PHASE_STRIP = NO;
				DEBUG_INFORMATION_FORMAT = dwarf;
				ENABLE_STRICT_OBJC_MSGSEND = YES;
				ENABLE_TESTABILITY = YES;
				GCC_C_LANGUAGE_STANDARD = gnu11;
				GCC_DYNAMIC_NO_PIC = NO;
				GCC_NO_COMMON_BLOCKS = YES;
				GCC_OPTIMIZATION_LEVEL = 0;
				GCC_PREPROCESSOR_DEFINITIONS = (
					"DEBUG=1",
					"$(inherited)",
				);
				GCC_WARN_64_TO_32_BIT_CONVERSION = YES;
				GCC_WARN_ABOUT_RETURN_TYPE = YES_ERROR;
				GCC_WARN_UNDECLARED_SELECTOR = YES;
				GCC_WARN_UNINITIALIZED_AUTOS = YES_AGGRESSIVE;
				GCC_WARN_UNUSED_FUNCTION = YES;
				GCC_WARN_UNUSED_VARIABLE = YES;
				IPHONEOS_DEPLOYMENT_TARGET = 13.6;
				MTL_ENABLE_DEBUG_INFO = INCLUDE_SOURCE;
				MTL_FAST_MATH = YES;
				ONLY_ACTIVE_ARCH = YES;
				SDKROOT = iphoneos;
				SWIFT_ACTIVE_COMPILATION_CONDITIONS = DEBUG;
				SWIFT_OPTIMIZATION_LEVEL = "-Onone";
			};
			name = Debug;
		};
		A44FD2F824C42F5200037F7A /* Release */ = {
			isa = XCBuildConfiguration;
			buildSettings = {
				ALWAYS_SEARCH_USER_PATHS = NO;
				CLANG_ANALYZER_NONNULL = YES;
				CLANG_ANALYZER_NUMBER_OBJECT_CONVERSION = YES_AGGRESSIVE;
				CLANG_CXX_LANGUAGE_STANDARD = "gnu++14";
				CLANG_CXX_LIBRARY = "libc++";
				CLANG_ENABLE_MODULES = YES;
				CLANG_ENABLE_OBJC_ARC = YES;
				CLANG_ENABLE_OBJC_WEAK = YES;
				CLANG_WARN_BLOCK_CAPTURE_AUTORELEASING = YES;
				CLANG_WARN_BOOL_CONVERSION = YES;
				CLANG_WARN_COMMA = YES;
				CLANG_WARN_CONSTANT_CONVERSION = YES;
				CLANG_WARN_DEPRECATED_OBJC_IMPLEMENTATIONS = YES;
				CLANG_WARN_DIRECT_OBJC_ISA_USAGE = YES_ERROR;
				CLANG_WARN_DOCUMENTATION_COMMENTS = YES;
				CLANG_WARN_EMPTY_BODY = YES;
				CLANG_WARN_ENUM_CONVERSION = YES;
				CLANG_WARN_INFINITE_RECURSION = YES;
				CLANG_WARN_INT_CONVERSION = YES;
				CLANG_WARN_NON_LITERAL_NULL_CONVERSION = YES;
				CLANG_WARN_OBJC_IMPLICIT_RETAIN_SELF = YES;
				CLANG_WARN_OBJC_LITERAL_CONVERSION = YES;
				CLANG_WARN_OBJC_ROOT_CLASS = YES_ERROR;
				CLANG_WARN_RANGE_LOOP_ANALYSIS = YES;
				CLANG_WARN_STRICT_PROTOTYPES = YES;
				CLANG_WARN_SUSPICIOUS_MOVE = YES;
				CLANG_WARN_UNGUARDED_AVAILABILITY = YES_AGGRESSIVE;
				CLANG_WARN_UNREACHABLE_CODE = YES;
				CLANG_WARN__DUPLICATE_METHOD_MATCH = YES;
				COPY_PHASE_STRIP = NO;
				DEBUG_INFORMATION_FORMAT = "dwarf-with-dsym";
				ENABLE_NS_ASSERTIONS = NO;
				ENABLE_STRICT_OBJC_MSGSEND = YES;
				GCC_C_LANGUAGE_STANDARD = gnu11;
				GCC_NO_COMMON_BLOCKS = YES;
				GCC_WARN_64_TO_32_BIT_CONVERSION = YES;
				GCC_WARN_ABOUT_RETURN_TYPE = YES_ERROR;
				GCC_WARN_UNDECLARED_SELECTOR = YES;
				GCC_WARN_UNINITIALIZED_AUTOS = YES_AGGRESSIVE;
				GCC_WARN_UNUSED_FUNCTION = YES;
				GCC_WARN_UNUSED_VARIABLE = YES;
				IPHONEOS_DEPLOYMENT_TARGET = 13.6;
				MTL_ENABLE_DEBUG_INFO = NO;
				MTL_FAST_MATH = YES;
				SDKROOT = iphoneos;
				SWIFT_COMPILATION_MODE = wholemodule;
				SWIFT_OPTIMIZATION_LEVEL = "-O";
				VALIDATE_PRODUCT = YES;
			};
			name = Release;
		};
		A44FD2FA24C42F5200037F7A /* Debug */ = {
			isa = XCBuildConfiguration;
			buildSettings = {
				ASSETCATALOG_COMPILER_APPICON_NAME = AppIcon;
				CODE_SIGN_STYLE = Automatic;
				INFOPLIST_FILE = "$(SRCROOT)/Planto/Info.plist";
				LD_RUNPATH_SEARCH_PATHS = (
					"$(inherited)",
					"@executable_path/Frameworks",
				);
				PRODUCT_BUNDLE_IDENTIFIER = com.dnd.Planto;
				PRODUCT_NAME = "Plantö";
				SWIFT_VERSION = 5.0;
				TARGETED_DEVICE_FAMILY = "1,2";
			};
			name = Debug;
		};
		A44FD2FB24C42F5200037F7A /* Release */ = {
			isa = XCBuildConfiguration;
			buildSettings = {
				ASSETCATALOG_COMPILER_APPICON_NAME = AppIcon;
				CODE_SIGN_STYLE = Automatic;
				INFOPLIST_FILE = "$(SRCROOT)/Planto/Info.plist";
				LD_RUNPATH_SEARCH_PATHS = (
					"$(inherited)",
					"@executable_path/Frameworks",
				);
				PRODUCT_BUNDLE_IDENTIFIER = com.dnd.Planto;
				PRODUCT_NAME = "Plantö";
				SWIFT_VERSION = 5.0;
				TARGETED_DEVICE_FAMILY = "1,2";
			};
			name = Release;
		};
/* End XCBuildConfiguration section */

/* Begin XCConfigurationList section */
		A44FD2E024C42F5100037F7A /* Build configuration list for PBXProject "Planto" */ = {
			isa = XCConfigurationList;
			buildConfigurations = (
				A44FD2F724C42F5200037F7A /* Debug */,
				A44FD2F824C42F5200037F7A /* Release */,
			);
			defaultConfigurationIsVisible = 0;
			defaultConfigurationName = Release;
		};
		A44FD2F924C42F5200037F7A /* Build configuration list for PBXNativeTarget "Planto" */ = {
			isa = XCConfigurationList;
			buildConfigurations = (
				A44FD2FA24C42F5200037F7A /* Debug */,
				A44FD2FB24C42F5200037F7A /* Release */,
			);
			defaultConfigurationIsVisible = 0;
			defaultConfigurationName = Release;
		};
/* End XCConfigurationList section */
	};
	rootObject = A44FD2DD24C42F5100037F7A /* Project object */;
}
